
Microsoft Visual Studio Solution File, Format Version 12.00
# Visual Studio Version 16
VisualStudioVersion = 16.0.31019.35
MinimumVisualStudioVersion = 10.0.40219.1
Project("{9A19103F-16F7-4668-BE54-9A1E7A4F7556}") = "APICatalogo", "APICatalogo\APICatalogo.csproj", "{359A8B4D-0F86-4A06-B5DC-C28C077B51AB}"
EndProject
Project("{9A19103F-16F7-4668-BE54-9A1E7A4F7556}") = "ApiCatalogo.Tests", "ApiCatalogoxUnitTests\ApiCatalogo.Tests.csproj", "{597E5CA3-3B48-4CC0-998D-3E935AE13AB7}"
EndProject
Global
	GlobalSection(SolutionConfigurationPlatforms) = preSolution
		Debug|Any CPU = Debug|Any CPU
		Release|Any CPU = Release|Any CPU
	EndGlobalSection
	GlobalSection(ProjectConfigurationPlatforms) = postSolution
		{359A8B4D-0F86-4A06-B5DC-C28C077B51AB}.Debug|Any CPU.ActiveCfg = Debug|Any CPU
		{359A8B4D-0F86-4A06-B5DC-C28C077B51AB}.Debug|Any CPU.Build.0 = Debug|Any CPU
		{359A8B4D-0F86-4A06-B5DC-C28C077B51AB}.Release|Any CPU.ActiveCfg = Release|Any CPU
		{359A8B4D-0F86-4A06-B5DC-C28C077B51AB}.Release|Any CPU.Build.0 = Release|Any CPU
		{597E5CA3-3B48-4CC0-998D-3E935AE13AB7}.Debug|Any CPU.ActiveCfg = Debug|Any CPU
		{597E5CA3-3B48-4CC0-998D-3E935AE13AB7}.Debug|Any CPU.Build.0 = Debug|Any CPU
		{597E5CA3-3B48-4CC0-998D-3E935AE13AB7}.Release|Any CPU.ActiveCfg = Release|Any CPU
		{597E5CA3-3B48-4CC0-998D-3E935AE13AB7}.Release|Any CPU.Build.0 = Release|Any CPU
	EndGlobalSection
	GlobalSection(SolutionProperties) = preSolution
		HideSolutionNode = FALSE
	EndGlobalSection
	GlobalSection(ExtensibilityGlobals) = postSolution
		SolutionGuid = {70EE7DA9-B7DC-4667-8689-5EBBE6C3CE1A}
	EndGlobalSection
EndGlobal
